
Microsoft Visual Studio Solution File, Format Version 12.00
# Visual Studio Version 17
VisualStudioVersion = 17.6.33801.468
MinimumVisualStudioVersion = 10.0.40219.1
Project("{FAE04EC0-301F-11D3-BF4B-00C04F79EFBC}") = "Rwork2", "Rwork2\Rwork2.csproj", "{935DA515-1DFD-499B-87E6-328217C2CDCF}"
EndProject
Global
	GlobalSection(SolutionConfigurationPlatforms) = preSolution
		Debug|Any CPU = Debug|Any CPU
		Debug|x64 = Debug|x64
		Release|Any CPU = Release|Any CPU
		Release|x64 = Release|x64
	EndGlobalSection
	GlobalSection(ProjectConfigurationPlatforms) = postSolution
		{935DA515-1DFD-499B-87E6-328217C2CDCF}.Debug|Any CPU.ActiveCfg = Debug|Any CPU
		{935DA515-1DFD-499B-87E6-328217C2CDCF}.Debug|Any CPU.Build.0 = Debug|Any CPU
		{935DA515-1DFD-499B-87E6-328217C2CDCF}.Debug|x64.ActiveCfg = Debug|x64
		{935DA515-1DFD-499B-87E6-328217C2CDCF}.Debug|x64.Build.0 = Debug|x64
		{935DA515-1DFD-499B-87E6-328217C2CDCF}.Release|Any CPU.ActiveCfg = Release|Any CPU
		{935DA515-1DFD-499B-87E6-328217C2CDCF}.Release|Any CPU.Build.0 = Release|Any CPU
		{935DA515-1DFD-499B-87E6-328217C2CDCF}.Release|x64.ActiveCfg = Release|x64
		{935DA515-1DFD-499B-87E6-328217C2CDCF}.Release|x64.Build.0 = Release|x64
	EndGlobalSection
	GlobalSection(SolutionProperties) = preSolution
		HideSolutionNode = FALSE
	EndGlobalSection
	GlobalSection(ExtensibilityGlobals) = postSolution
		SolutionGuid = {0EA3AE20-99FC-4F81-8F2F-F9E60A544178}
	EndGlobalSection
EndGlobal
